
Microsoft Visual Studio Solution File, Format Version 12.00
# Visual Studio Version 17
VisualStudioVersion = 17.9.34723.18
MinimumVisualStudioVersion = 10.0.40219.1
Project("{FAE04EC0-301F-11D3-BF4B-00C04F79EFBC}") = "pryEtapa1Ahumada", "pryEtapa1Ahumada.csproj", "{332E87AA-6973-4BD3-A558-2465163AC79A}"
EndProject
Global
	GlobalSection(SolutionConfigurationPlatforms) = preSolution
		Debug|Any CPU = Debug|Any CPU
		Release|Any CPU = Release|Any CPU
	EndGlobalSection
	GlobalSection(ProjectConfigurationPlatforms) = postSolution
		{332E87AA-6973-4BD3-A558-2465163AC79A}.Debug|Any CPU.ActiveCfg = Debug|Any CPU
		{332E87AA-6973-4BD3-A558-2465163AC79A}.Debug|Any CPU.Build.0 = Debug|Any CPU
		{332E87AA-6973-4BD3-A558-2465163AC79A}.Release|Any CPU.ActiveCfg = Release|Any CPU
		{332E87AA-6973-4BD3-A558-2465163AC79A}.Release|Any CPU.Build.0 = Release|Any CPU
	EndGlobalSection
	GlobalSection(SolutionProperties) = preSolution
		HideSolutionNode = FALSE
	EndGlobalSection
	GlobalSection(ExtensibilityGlobals) = postSolution
		SolutionGuid = {CCE76395-4CB1-4883-B68C-DAC00A492FC1}
	EndGlobalSection
EndGlobal
